
Microsoft Visual Studio Solution File, Format Version 12.00
# Visual Studio Version 17
VisualStudioVersion = 17.2.32519.379
MinimumVisualStudioVersion = 10.0.40219.1
Project("{FAE04EC0-301F-11D3-BF4B-00C04F79EFBC}") = "WebApplication Try 4", "WebApplication Try 4\WebApplication Try 4.csproj", "{59980F65-2E75-4D00-8017-BE3A6AFC5906}"
EndProject
Global
	GlobalSection(SolutionConfigurationPlatforms) = preSolution
		Debug|Any CPU = Debug|Any CPU
		Release|Any CPU = Release|Any CPU
	EndGlobalSection
	GlobalSection(ProjectConfigurationPlatforms) = postSolution
		{59980F65-2E75-4D00-8017-BE3A6AFC5906}.Debug|Any CPU.ActiveCfg = Debug|Any CPU
		{59980F65-2E75-4D00-8017-BE3A6AFC5906}.Debug|Any CPU.Build.0 = Debug|Any CPU
		{59980F65-2E75-4D00-8017-BE3A6AFC5906}.Release|Any CPU.ActiveCfg = Release|Any CPU
		{59980F65-2E75-4D00-8017-BE3A6AFC5906}.Release|Any CPU.Build.0 = Release|Any CPU
	EndGlobalSection
	GlobalSection(SolutionProperties) = preSolution
		HideSolutionNode = FALSE
	EndGlobalSection
	GlobalSection(ExtensibilityGlobals) = postSolution
		SolutionGuid = {2FBA8233-EC39-4B4B-8BCD-8DA36E464F0F}
	EndGlobalSection
EndGlobal
